
Microsoft Visual Studio Solution File, Format Version 12.00
# Visual Studio Version 16
VisualStudioVersion = 16.0.30621.155
MinimumVisualStudioVersion = 10.0.40219.1
Project("{FAE04EC0-301F-11D3-BF4B-00C04F79EFBC}") = "WebsiteStatus", "WebsiteStatus\WebsiteStatus.csproj", "{071F93CB-E44E-40DA-B940-1377FB6B0B4E}"
EndProject
Global
	GlobalSection(SolutionConfigurationPlatforms) = preSolution
		Debug|Any CPU = Debug|Any CPU
		Release|Any CPU = Release|Any CPU
	EndGlobalSection
	GlobalSection(ProjectConfigurationPlatforms) = postSolution
		{071F93CB-E44E-40DA-B940-1377FB6B0B4E}.Debug|Any CPU.ActiveCfg = Debug|Any CPU
		{071F93CB-E44E-40DA-B940-1377FB6B0B4E}.Debug|Any CPU.Build.0 = Debug|Any CPU
		{071F93CB-E44E-40DA-B940-1377FB6B0B4E}.Release|Any CPU.ActiveCfg = Release|Any CPU
		{071F93CB-E44E-40DA-B940-1377FB6B0B4E}.Release|Any CPU.Build.0 = Release|Any CPU
	EndGlobalSection
	GlobalSection(SolutionProperties) = preSolution
		HideSolutionNode = FALSE
	EndGlobalSection
	GlobalSection(ExtensibilityGlobals) = postSolution
		SolutionGuid = {12F10308-7F1C-4E5E-B9C7-0860C5A94FED}
	EndGlobalSection
EndGlobal
